
Microsoft Visual Studio Solution File, Format Version 12.00
# Visual Studio Version 16
VisualStudioVersion = 16.0.31624.102
MinimumVisualStudioVersion = 10.0.40219.1
Project("{9A19103F-16F7-4668-BE54-9A1E7A4F7556}") = "ProjetDevCs", "ProjetDevCs\ProjetDevCs.csproj", "{0633921A-3C54-46B6-866D-E668CDF25712}"
EndProject
Project("{FAE04EC0-301F-11D3-BF4B-00C04F79EFBC}") = "ProjetDevCs_Test", "ProjetDevCs_Test\ProjetDevCs_Test.csproj", "{56B27E42-FD94-4E4F-81F8-998EC43C7A4D}"
EndProject
Global
	GlobalSection(SolutionConfigurationPlatforms) = preSolution
		Debug|Any CPU = Debug|Any CPU
		Release|Any CPU = Release|Any CPU
	EndGlobalSection
	GlobalSection(ProjectConfigurationPlatforms) = postSolution
		{0633921A-3C54-46B6-866D-E668CDF25712}.Debug|Any CPU.ActiveCfg = Debug|Any CPU
		{0633921A-3C54-46B6-866D-E668CDF25712}.Debug|Any CPU.Build.0 = Debug|Any CPU
		{0633921A-3C54-46B6-866D-E668CDF25712}.Release|Any CPU.ActiveCfg = Release|Any CPU
		{0633921A-3C54-46B6-866D-E668CDF25712}.Release|Any CPU.Build.0 = Release|Any CPU
		{56B27E42-FD94-4E4F-81F8-998EC43C7A4D}.Debug|Any CPU.ActiveCfg = Debug|Any CPU
		{56B27E42-FD94-4E4F-81F8-998EC43C7A4D}.Debug|Any CPU.Build.0 = Debug|Any CPU
		{56B27E42-FD94-4E4F-81F8-998EC43C7A4D}.Release|Any CPU.ActiveCfg = Release|Any CPU
		{56B27E42-FD94-4E4F-81F8-998EC43C7A4D}.Release|Any CPU.Build.0 = Release|Any CPU
	EndGlobalSection
	GlobalSection(SolutionProperties) = preSolution
		HideSolutionNode = FALSE
	EndGlobalSection
	GlobalSection(ExtensibilityGlobals) = postSolution
		SolutionGuid = {5BF2699D-3504-45C3-A54B-82496D34B710}
	EndGlobalSection
EndGlobal
